
Microsoft Visual Studio Solution File, Format Version 12.00
# Visual Studio Version 17
VisualStudioVersion = 17.3.32804.467
MinimumVisualStudioVersion = 10.0.40219.1
Project("{9A19103F-16F7-4668-BE54-9A1E7A4F7556}") = "SCS.HomePhotos.Data", "SCS.HomePhotos.Data\SCS.HomePhotos.Data.csproj", "{31A2C3FB-B1A6-4275-8B77-5EC311FB311C}"
EndProject
Project("{9A19103F-16F7-4668-BE54-9A1E7A4F7556}") = "SCS.HomePhotos.Model", "SCS.HomePhotos.Model\SCS.HomePhotos.Model.csproj", "{303376C0-333A-408D-BD14-A76A985234B3}"
EndProject
Project("{9A19103F-16F7-4668-BE54-9A1E7A4F7556}") = "SCS.HomePhotos", "SCS.HomePhotos\SCS.HomePhotos.csproj", "{C2544B50-C89D-49DB-BE97-5F8F2B358ECC}"
EndProject
Project("{9A19103F-16F7-4668-BE54-9A1E7A4F7556}") = "SCS.HomePhotos.Service.Test", "SCS.HomePhotos.Service.Test\SCS.HomePhotos.Service.Test.csproj", "{B1056598-CA55-4497-8FC4-76032D4EF32A}"
EndProject
Project("{9A19103F-16F7-4668-BE54-9A1E7A4F7556}") = "SCS.HomePhotos.Web.Test", "SCS.HomePhotos.Web.Test\SCS.HomePhotos.Web.Test.csproj", "{07F3475B-A09C-4FF4-BA3B-B49684E8301C}"
EndProject
Project("{9A19103F-16F7-4668-BE54-9A1E7A4F7556}") = "SCS.HomePhotos.Service", "SCS.HomePhotos.Service\SCS.HomePhotos.Service.csproj", "{89C16307-570C-41AE-9507-32E11D5D38F7}"
EndProject
Project("{9A19103F-16F7-4668-BE54-9A1E7A4F7556}") = "SCS.HomePhotos.Web", "SCS.HomePhotos.Web2\SCS.HomePhotos.Web.csproj", "{D4731814-76AC-4F00-9452-AA764CC4EF2E}"
EndProject
Project("{9A19103F-16F7-4668-BE54-9A1E7A4F7556}") = "SCS.HomePhotos.KeyGenerator", "SCS.HomePhotos.KeyGenerator\SCS.HomePhotos.KeyGenerator.csproj", "{81AD9909-1317-4C97-A7C1-9CFC70319504}"
EndProject
Global
	GlobalSection(SolutionConfigurationPlatforms) = preSolution
		Debug|Any CPU = Debug|Any CPU
		Release|Any CPU = Release|Any CPU
	EndGlobalSection
	GlobalSection(ProjectConfigurationPlatforms) = postSolution
		{31A2C3FB-B1A6-4275-8B77-5EC311FB311C}.Debug|Any CPU.ActiveCfg = Debug|Any CPU
		{31A2C3FB-B1A6-4275-8B77-5EC311FB311C}.Debug|Any CPU.Build.0 = Debug|Any CPU
		{31A2C3FB-B1A6-4275-8B77-5EC311FB311C}.Release|Any CPU.ActiveCfg = Release|Any CPU
		{31A2C3FB-B1A6-4275-8B77-5EC311FB311C}.Release|Any CPU.Build.0 = Release|Any CPU
		{303376C0-333A-408D-BD14-A76A985234B3}.Debug|Any CPU.ActiveCfg = Debug|Any CPU
		{303376C0-333A-408D-BD14-A76A985234B3}.Debug|Any CPU.Build.0 = Debug|Any CPU
		{303376C0-333A-408D-BD14-A76A985234B3}.Release|Any CPU.ActiveCfg = Release|Any CPU
		{303376C0-333A-408D-BD14-A76A985234B3}.Release|Any CPU.Build.0 = Release|Any CPU
		{C2544B50-C89D-49DB-BE97-5F8F2B358ECC}.Debug|Any CPU.ActiveCfg = Debug|Any CPU
		{C2544B50-C89D-49DB-BE97-5F8F2B358ECC}.Debug|Any CPU.Build.0 = Debug|Any CPU
		{C2544B50-C89D-49DB-BE97-5F8F2B358ECC}.Release|Any CPU.ActiveCfg = Release|Any CPU
		{C2544B50-C89D-49DB-BE97-5F8F2B358ECC}.Release|Any CPU.Build.0 = Release|Any CPU
		{B1056598-CA55-4497-8FC4-76032D4EF32A}.Debug|Any CPU.ActiveCfg = Debug|Any CPU
		{B1056598-CA55-4497-8FC4-76032D4EF32A}.Debug|Any CPU.Build.0 = Debug|Any CPU
		{B1056598-CA55-4497-8FC4-76032D4EF32A}.Release|Any CPU.ActiveCfg = Release|Any CPU
		{B1056598-CA55-4497-8FC4-76032D4EF32A}.Release|Any CPU.Build.0 = Release|Any CPU
		{07F3475B-A09C-4FF4-BA3B-B49684E8301C}.Debug|Any CPU.ActiveCfg = Debug|Any CPU
		{07F3475B-A09C-4FF4-BA3B-B49684E8301C}.Debug|Any CPU.Build.0 = Debug|Any CPU
		{07F3475B-A09C-4FF4-BA3B-B49684E8301C}.Release|Any CPU.ActiveCfg = Release|Any CPU
		{07F3475B-A09C-4FF4-BA3B-B49684E8301C}.Release|Any CPU.Build.0 = Release|Any CPU
		{89C16307-570C-41AE-9507-32E11D5D38F7}.Debug|Any CPU.ActiveCfg = Debug|Any CPU
		{89C16307-570C-41AE-9507-32E11D5D38F7}.Debug|Any CPU.Build.0 = Debug|Any CPU
		{89C16307-570C-41AE-9507-32E11D5D38F7}.Release|Any CPU.ActiveCfg = Release|Any CPU
		{89C16307-570C-41AE-9507-32E11D5D38F7}.Release|Any CPU.Build.0 = Release|Any CPU
		{D4731814-76AC-4F00-9452-AA764CC4EF2E}.Debug|Any CPU.ActiveCfg = Debug|Any CPU
		{D4731814-76AC-4F00-9452-AA764CC4EF2E}.Debug|Any CPU.Build.0 = Debug|Any CPU
		{D4731814-76AC-4F00-9452-AA764CC4EF2E}.Release|Any CPU.ActiveCfg = Release|Any CPU
		{D4731814-76AC-4F00-9452-AA764CC4EF2E}.Release|Any CPU.Build.0 = Release|Any CPU
		{81AD9909-1317-4C97-A7C1-9CFC70319504}.Debug|Any CPU.ActiveCfg = Debug|Any CPU
		{81AD9909-1317-4C97-A7C1-9CFC70319504}.Debug|Any CPU.Build.0 = Debug|Any CPU
		{81AD9909-1317-4C97-A7C1-9CFC70319504}.Release|Any CPU.ActiveCfg = Release|Any CPU
		{81AD9909-1317-4C97-A7C1-9CFC70319504}.Release|Any CPU.Build.0 = Release|Any CPU
	EndGlobalSection
	GlobalSection(SolutionProperties) = preSolution
		HideSolutionNode = FALSE
	EndGlobalSection
	GlobalSection(ExtensibilityGlobals) = postSolution
		SolutionGuid = {B74C6CE7-42F5-4C2F-A207-C7F1951AA6CA}
	EndGlobalSection
EndGlobal
